
Microsoft Visual Studio Solution File, Format Version 12.00
Project("{FAE04EC0-301F-11D3-BF4B-00C04F79EFBC}") = "ShopOnline.Web", "ShopOnline.Web\ShopOnline.Web.csproj", "{4FBDFD92-7BE5-43D9-9FB2-7F2197B29908}"
EndProject
Project("{FAE04EC0-301F-11D3-BF4B-00C04F79EFBC}") = "ShopOnline.API", "ShopOnline.API\ShopOnline.API.csproj", "{C5CC1EC7-BB0E-4F79-BD19-B8407EB8047F}"
EndProject
Project("{FAE04EC0-301F-11D3-BF4B-00C04F79EFBC}") = "ShopOnline.Models", "ShopOnline.Models\ShopOnline.Models.csproj", "{6B5E1337-A439-4AE8-9B03-288C46A76BDE}"
EndProject
Global
	GlobalSection(SolutionConfigurationPlatforms) = preSolution
		Debug|Any CPU = Debug|Any CPU
		Release|Any CPU = Release|Any CPU
	EndGlobalSection
	GlobalSection(ProjectConfigurationPlatforms) = postSolution
		{4FBDFD92-7BE5-43D9-9FB2-7F2197B29908}.Debug|Any CPU.ActiveCfg = Debug|Any CPU
		{4FBDFD92-7BE5-43D9-9FB2-7F2197B29908}.Debug|Any CPU.Build.0 = Debug|Any CPU
		{4FBDFD92-7BE5-43D9-9FB2-7F2197B29908}.Release|Any CPU.ActiveCfg = Release|Any CPU
		{4FBDFD92-7BE5-43D9-9FB2-7F2197B29908}.Release|Any CPU.Build.0 = Release|Any CPU
		{C5CC1EC7-BB0E-4F79-BD19-B8407EB8047F}.Debug|Any CPU.ActiveCfg = Debug|Any CPU
		{C5CC1EC7-BB0E-4F79-BD19-B8407EB8047F}.Debug|Any CPU.Build.0 = Debug|Any CPU
		{C5CC1EC7-BB0E-4F79-BD19-B8407EB8047F}.Release|Any CPU.ActiveCfg = Release|Any CPU
		{C5CC1EC7-BB0E-4F79-BD19-B8407EB8047F}.Release|Any CPU.Build.0 = Release|Any CPU
		{6B5E1337-A439-4AE8-9B03-288C46A76BDE}.Debug|Any CPU.ActiveCfg = Debug|Any CPU
		{6B5E1337-A439-4AE8-9B03-288C46A76BDE}.Debug|Any CPU.Build.0 = Debug|Any CPU
		{6B5E1337-A439-4AE8-9B03-288C46A76BDE}.Release|Any CPU.ActiveCfg = Release|Any CPU
		{6B5E1337-A439-4AE8-9B03-288C46A76BDE}.Release|Any CPU.Build.0 = Release|Any CPU
	EndGlobalSection
EndGlobal
